
Microsoft Visual Studio Solution File, Format Version 12.00
# Visual Studio 2013
VisualStudioVersion = 12.0.21005.1
MinimumVisualStudioVersion = 10.0.40219.1
Project("{FAE04EC0-301F-11D3-BF4B-00C04F79EFBC}") = "NorthWind.Win", "NorthWind.Win\NorthWind.Win.csproj", "{F9325BD6-23B5-4BDC-9FA5-3D32DC43A6E4}"
EndProject
Project("{FAE04EC0-301F-11D3-BF4B-00C04F79EFBC}") = "NorthWind.Entity", "NorthWind.Entity\NorthWind.Entity.csproj", "{51FF19D0-ADCA-4AEB-A13D-569471DF68A0}"
EndProject
Project("{FAE04EC0-301F-11D3-BF4B-00C04F79EFBC}") = "NorthWind.DAO", "NorthWind.DAO\NorthWind.DAO.csproj", "{797E493A-EAF2-49CC-AB70-DC3BADCA4F08}"
EndProject
Project("{2150E333-8FDC-42A3-9474-1A3956D46DE8}") = "Logic", "Logic", "{0A97AC73-086B-42AF-9560-397E5926562C}"
EndProject
Project("{FAE04EC0-301F-11D3-BF4B-00C04F79EFBC}") = "NorthWind.Logic", "NorthWind.Logic\NorthWind.Logic.csproj", "{2721C3A4-F54B-43C7-B55A-F60BD67917D8}"
EndProject
Project("{2150E333-8FDC-42A3-9474-1A3956D46DE8}") = "ServiceInterface", "ServiceInterface", "{2F221FE1-279E-46DF-AADD-8DDB0E85D577}"
EndProject
Project("{FAE04EC0-301F-11D3-BF4B-00C04F79EFBC}") = "MantenimientoService", "MantenimientoService\MantenimientoService.csproj", "{4B0CDDFC-81BA-4732-BC8B-0289B566FCF2}"
EndProject
Project("{FAE04EC0-301F-11D3-BF4B-00C04F79EFBC}") = "DocumentoService", "DocumentoService\DocumentoService.csproj", "{C26676D5-EFA7-453C-AC50-9182EA307755}"
EndProject
Project("{2150E333-8FDC-42A3-9474-1A3956D46DE8}") = "ServiceHost", "ServiceHost", "{CB112948-1DD8-436C-AAD7-F256E264572A}"
EndProject
Project("{FAE04EC0-301F-11D3-BF4B-00C04F79EFBC}") = "MantenimientoHostConsole", "MantenimientoHostConsole\MantenimientoHostConsole.csproj", "{CCB68ACA-9F36-4A6D-B4BD-1D224B09644B}"
EndProject
Project("{FAE04EC0-301F-11D3-BF4B-00C04F79EFBC}") = "DocumentoHostConsole", "DocumentoHostConsole\DocumentoHostConsole.csproj", "{81E8E6AA-A7B1-49F3-A159-147863572021}"
EndProject
Global
	GlobalSection(SolutionConfigurationPlatforms) = preSolution
		Debug|Any CPU = Debug|Any CPU
		Release|Any CPU = Release|Any CPU
	EndGlobalSection
	GlobalSection(ProjectConfigurationPlatforms) = postSolution
		{F9325BD6-23B5-4BDC-9FA5-3D32DC43A6E4}.Debug|Any CPU.ActiveCfg = Debug|Any CPU
		{F9325BD6-23B5-4BDC-9FA5-3D32DC43A6E4}.Debug|Any CPU.Build.0 = Debug|Any CPU
		{F9325BD6-23B5-4BDC-9FA5-3D32DC43A6E4}.Release|Any CPU.ActiveCfg = Release|Any CPU
		{F9325BD6-23B5-4BDC-9FA5-3D32DC43A6E4}.Release|Any CPU.Build.0 = Release|Any CPU
		{51FF19D0-ADCA-4AEB-A13D-569471DF68A0}.Debug|Any CPU.ActiveCfg = Debug|Any CPU
		{51FF19D0-ADCA-4AEB-A13D-569471DF68A0}.Debug|Any CPU.Build.0 = Debug|Any CPU
		{51FF19D0-ADCA-4AEB-A13D-569471DF68A0}.Release|Any CPU.ActiveCfg = Release|Any CPU
		{51FF19D0-ADCA-4AEB-A13D-569471DF68A0}.Release|Any CPU.Build.0 = Release|Any CPU
		{797E493A-EAF2-49CC-AB70-DC3BADCA4F08}.Debug|Any CPU.ActiveCfg = Debug|Any CPU
		{797E493A-EAF2-49CC-AB70-DC3BADCA4F08}.Debug|Any CPU.Build.0 = Debug|Any CPU
		{797E493A-EAF2-49CC-AB70-DC3BADCA4F08}.Release|Any CPU.ActiveCfg = Release|Any CPU
		{797E493A-EAF2-49CC-AB70-DC3BADCA4F08}.Release|Any CPU.Build.0 = Release|Any CPU
		{2721C3A4-F54B-43C7-B55A-F60BD67917D8}.Debug|Any CPU.ActiveCfg = Debug|Any CPU
		{2721C3A4-F54B-43C7-B55A-F60BD67917D8}.Debug|Any CPU.Build.0 = Debug|Any CPU
		{2721C3A4-F54B-43C7-B55A-F60BD67917D8}.Release|Any CPU.ActiveCfg = Release|Any CPU
		{2721C3A4-F54B-43C7-B55A-F60BD67917D8}.Release|Any CPU.Build.0 = Release|Any CPU
		{4B0CDDFC-81BA-4732-BC8B-0289B566FCF2}.Debug|Any CPU.ActiveCfg = Debug|Any CPU
		{4B0CDDFC-81BA-4732-BC8B-0289B566FCF2}.Debug|Any CPU.Build.0 = Debug|Any CPU
		{4B0CDDFC-81BA-4732-BC8B-0289B566FCF2}.Release|Any CPU.ActiveCfg = Release|Any CPU
		{4B0CDDFC-81BA-4732-BC8B-0289B566FCF2}.Release|Any CPU.Build.0 = Release|Any CPU
		{C26676D5-EFA7-453C-AC50-9182EA307755}.Debug|Any CPU.ActiveCfg = Debug|Any CPU
		{C26676D5-EFA7-453C-AC50-9182EA307755}.Debug|Any CPU.Build.0 = Debug|Any CPU
		{C26676D5-EFA7-453C-AC50-9182EA307755}.Release|Any CPU.ActiveCfg = Release|Any CPU
		{C26676D5-EFA7-453C-AC50-9182EA307755}.Release|Any CPU.Build.0 = Release|Any CPU
		{CCB68ACA-9F36-4A6D-B4BD-1D224B09644B}.Debug|Any CPU.ActiveCfg = Debug|Any CPU
		{CCB68ACA-9F36-4A6D-B4BD-1D224B09644B}.Debug|Any CPU.Build.0 = Debug|Any CPU
		{CCB68ACA-9F36-4A6D-B4BD-1D224B09644B}.Release|Any CPU.ActiveCfg = Release|Any CPU
		{CCB68ACA-9F36-4A6D-B4BD-1D224B09644B}.Release|Any CPU.Build.0 = Release|Any CPU
		{81E8E6AA-A7B1-49F3-A159-147863572021}.Debug|Any CPU.ActiveCfg = Debug|Any CPU
		{81E8E6AA-A7B1-49F3-A159-147863572021}.Debug|Any CPU.Build.0 = Debug|Any CPU
		{81E8E6AA-A7B1-49F3-A159-147863572021}.Release|Any CPU.ActiveCfg = Release|Any CPU
		{81E8E6AA-A7B1-49F3-A159-147863572021}.Release|Any CPU.Build.0 = Release|Any CPU
	EndGlobalSection
	GlobalSection(SolutionProperties) = preSolution
		HideSolutionNode = FALSE
	EndGlobalSection
	GlobalSection(NestedProjects) = preSolution
		{51FF19D0-ADCA-4AEB-A13D-569471DF68A0} = {0A97AC73-086B-42AF-9560-397E5926562C}
		{2721C3A4-F54B-43C7-B55A-F60BD67917D8} = {0A97AC73-086B-42AF-9560-397E5926562C}
		{4B0CDDFC-81BA-4732-BC8B-0289B566FCF2} = {2F221FE1-279E-46DF-AADD-8DDB0E85D577}
		{C26676D5-EFA7-453C-AC50-9182EA307755} = {2F221FE1-279E-46DF-AADD-8DDB0E85D577}
		{CCB68ACA-9F36-4A6D-B4BD-1D224B09644B} = {CB112948-1DD8-436C-AAD7-F256E264572A}
		{81E8E6AA-A7B1-49F3-A159-147863572021} = {CB112948-1DD8-436C-AAD7-F256E264572A}
	EndGlobalSection
EndGlobal
